{
  "originHash" : "28c1f455ed0b95ac83aec80b15fdfc2ba80fa57760436fa76071592363e1768c",
  "pins" : [
    {
      "identity" : "asyncbutton",
      "kind" : "remoteSourceControl",
      "location" : "https://github.com/timi2506/AsyncButton",
      "state" : {
        "revision" : "a57643336b2b3a507b46e39ed8623f853587a11b",
        "version" : "1.0.0"
      }
    },
    {
      "identity" : "codeeditor",
      "kind" : "remoteSourceControl",
      "location" : "https://github.com/ZeeZide/CodeEditor",
      "state" : {
        "revision" : "f5c076b94f4ceb05abff88ba91d75a8d57143f0c",
        "version" : "1.2.6"
      }
    },
    {
      "identity" : "generative-ai-swift",
      "kind" : "remoteSourceControl",
      "location" : "https://github.com/google/generative-ai-swift",
      "state" : {
        "revision" : "44b8ce120425f9cf53ca756f3434ca2c2696f8bd",
        "version" : "0.5.6"
      }
    },
    {
      "identity" : "highlightr",
      "kind" : "remoteSourceControl",
      "location" : "https://github.com/helje5/Highlightr",
      "state" : {
        "revision" : "bd0358056ff1f12ea83833a9fc1b3b5a396a9da0",
        "version" : "3.0.2"
      }
    },
    {
      "identity" : "keychain-swift",
      "kind" : "remoteSourceControl",
      "location" : "https://github.com/evgenyneu/keychain-swift.git",
      "state" : {
        "revision" : "5e1b02b6a9dac2a759a1d5dbc175c86bd192a608",
        "version" : "24.0.0"
      }
    },
    {
      "identity" : "markdown-webview",
      "kind" : "remoteSourceControl",
      "location" : "https://github.com/tomdai/markdown-webview.git",
      "state" : {
        "revision" : "a50704f158366705a1fcb0f6d6424b5522cd8b17",
        "version" : "2.0.1"
      }
    },
    {
      "identity" : "networkimage",
      "kind" : "remoteSourceControl",
      "location" : "https://github.com/gonzalezreal/NetworkImage",
      "state" : {
        "revision" : "2849f5323265386e200484b0d0f896e73c3411b9",
        "version" : "6.0.1"
      }
    },
    {
      "identity" : "notchmyproblem",
      "kind" : "remoteSourceControl",
      "location" : "https://github.com/Aeastr/NotchMyProblem",
      "state" : {
        "revision" : "9b35e5c2db0850c91feba974a27f4f027ca678fa",
        "version" : "1.0.1"
      }
    },
    {
      "identity" : "swift-cmark",
      "kind" : "remoteSourceControl",
      "location" : "https://github.com/swiftlang/swift-cmark",
      "state" : {
        "revision" : "b022b08312decdc46585e0b3440d97f6f22ef703",
        "version" : "0.6.0"
      }
    },
    {
      "identity" : "swift-markdown-ui",
      "kind" : "remoteSourceControl",
      "location" : "https://github.com/gonzalezreal/swift-markdown-ui.git",
      "state" : {
        "revision" : "5f613358148239d0292c0cef674a3c2314737f9e",
        "version" : "2.4.1"
      }
    },
    {
      "identity" : "swiftycrop",
      "kind" : "remoteSourceControl",
      "location" : "https://github.com/benedom/SwiftyCrop",
      "state" : {
        "branch" : "master",
        "revision" : "ddf6ad7231187134ce132be87c8220a230c51838"
      }
    }
  ],
  "version" : 3
}
